
Microsoft Visual Studio Solution File, Format Version 12.00
# Visual Studio Version 16
VisualStudioVersion = 16.0.32630.194
MinimumVisualStudioVersion = 10.0.40219.1
Project("{FAE04EC0-301F-11D3-BF4B-00C04F79EFBC}") = "PulaSapo", "PulaSapo.csproj", "{20ECE335-83F8-4304-9EBD-C43B3A756A0D}"
EndProject
Global
	GlobalSection(SolutionConfigurationPlatforms) = preSolution
		Debug|Any CPU = Debug|Any CPU
		Release|Any CPU = Release|Any CPU
	EndGlobalSection
	GlobalSection(ProjectConfigurationPlatforms) = postSolution
		{20ECE335-83F8-4304-9EBD-C43B3A756A0D}.Debug|Any CPU.ActiveCfg = Debug|Any CPU
		{20ECE335-83F8-4304-9EBD-C43B3A756A0D}.Debug|Any CPU.Build.0 = Debug|Any CPU
		{20ECE335-83F8-4304-9EBD-C43B3A756A0D}.Release|Any CPU.ActiveCfg = Release|Any CPU
		{20ECE335-83F8-4304-9EBD-C43B3A756A0D}.Release|Any CPU.Build.0 = Release|Any CPU
	EndGlobalSection
	GlobalSection(SolutionProperties) = preSolution
		HideSolutionNode = FALSE
	EndGlobalSection
	GlobalSection(ExtensibilityGlobals) = postSolution
		SolutionGuid = {14858CE8-51B6-45D4-A817-D94BE4F06BF9}
	EndGlobalSection
EndGlobal
